
Microsoft Visual Studio Solution File, Format Version 12.00
# Visual Studio 15
VisualStudioVersion = 15.0.27004.2006
MinimumVisualStudioVersion = 10.0.40219.1
Project("{9A19103F-16F7-4668-BE54-9A1E7A4F7556}") = "Rlx", "src\Rlx\Rlx.csproj", "{C056DFF0-28BF-4C50-B6F1-D10B11C6E426}"
EndProject
Project("{9A19103F-16F7-4668-BE54-9A1E7A4F7556}") = "Rlx.Tests", "tests\Rlx.Tests\Rlx.Tests.csproj", "{8EBA7FFA-2BDC-45BD-A1EC-89D3BFA27A49}"
EndProject
Project("{2150E333-8FDC-42A3-9474-1A3956D46DE8}") = "src", "src", "{E3847E91-6308-44EF-95D7-7AEA1E1A0C50}"
EndProject
Project("{2150E333-8FDC-42A3-9474-1A3956D46DE8}") = "tests", "tests", "{CBBFA892-493D-4963-B2D3-6218D13EE618}"
EndProject
Project("{9A19103F-16F7-4668-BE54-9A1E7A4F7556}") = "Rlx.BenchmarkTests", "tests\Rlx.BenchmarkTests\Rlx.BenchmarkTests.csproj", "{916A548C-5DF5-4F82-9AAD-DFB3D2F307A4}"
EndProject
Project("{9A19103F-16F7-4668-BE54-9A1E7A4F7556}") = "Rlx.MvcCore", "src\Rlx.MvcCore\Rlx.MvcCore.csproj", "{EB6C24DC-291F-4130-9C57-A0EB14354C95}"
EndProject
Project("{FAE04EC0-301F-11D3-BF4B-00C04F79EFBC}") = "Rlx.MvcCore.Tests", "tests\Rlx.MvcCore.Tests\Rlx.MvcCore.Tests.csproj", "{30F0F420-30BE-44A8-B336-F8E4990B0F8C}"
EndProject
Global
	GlobalSection(SolutionConfigurationPlatforms) = preSolution
		Debug|Any CPU = Debug|Any CPU
		Release|Any CPU = Release|Any CPU
	EndGlobalSection
	GlobalSection(ProjectConfigurationPlatforms) = postSolution
		{C056DFF0-28BF-4C50-B6F1-D10B11C6E426}.Debug|Any CPU.ActiveCfg = Debug|Any CPU
		{C056DFF0-28BF-4C50-B6F1-D10B11C6E426}.Debug|Any CPU.Build.0 = Debug|Any CPU
		{C056DFF0-28BF-4C50-B6F1-D10B11C6E426}.Release|Any CPU.ActiveCfg = Release|Any CPU
		{C056DFF0-28BF-4C50-B6F1-D10B11C6E426}.Release|Any CPU.Build.0 = Release|Any CPU
		{8EBA7FFA-2BDC-45BD-A1EC-89D3BFA27A49}.Debug|Any CPU.ActiveCfg = Debug|Any CPU
		{8EBA7FFA-2BDC-45BD-A1EC-89D3BFA27A49}.Debug|Any CPU.Build.0 = Debug|Any CPU
		{8EBA7FFA-2BDC-45BD-A1EC-89D3BFA27A49}.Release|Any CPU.ActiveCfg = Release|Any CPU
		{8EBA7FFA-2BDC-45BD-A1EC-89D3BFA27A49}.Release|Any CPU.Build.0 = Release|Any CPU
		{916A548C-5DF5-4F82-9AAD-DFB3D2F307A4}.Debug|Any CPU.ActiveCfg = Debug|Any CPU
		{916A548C-5DF5-4F82-9AAD-DFB3D2F307A4}.Debug|Any CPU.Build.0 = Debug|Any CPU
		{916A548C-5DF5-4F82-9AAD-DFB3D2F307A4}.Release|Any CPU.ActiveCfg = Release|Any CPU
		{916A548C-5DF5-4F82-9AAD-DFB3D2F307A4}.Release|Any CPU.Build.0 = Release|Any CPU
		{EB6C24DC-291F-4130-9C57-A0EB14354C95}.Debug|Any CPU.ActiveCfg = Debug|Any CPU
		{EB6C24DC-291F-4130-9C57-A0EB14354C95}.Debug|Any CPU.Build.0 = Debug|Any CPU
		{EB6C24DC-291F-4130-9C57-A0EB14354C95}.Release|Any CPU.ActiveCfg = Release|Any CPU
		{EB6C24DC-291F-4130-9C57-A0EB14354C95}.Release|Any CPU.Build.0 = Release|Any CPU
		{30F0F420-30BE-44A8-B336-F8E4990B0F8C}.Debug|Any CPU.ActiveCfg = Debug|Any CPU
		{30F0F420-30BE-44A8-B336-F8E4990B0F8C}.Debug|Any CPU.Build.0 = Debug|Any CPU
		{30F0F420-30BE-44A8-B336-F8E4990B0F8C}.Release|Any CPU.ActiveCfg = Release|Any CPU
		{30F0F420-30BE-44A8-B336-F8E4990B0F8C}.Release|Any CPU.Build.0 = Release|Any CPU
	EndGlobalSection
	GlobalSection(SolutionProperties) = preSolution
		HideSolutionNode = FALSE
	EndGlobalSection
	GlobalSection(NestedProjects) = preSolution
		{C056DFF0-28BF-4C50-B6F1-D10B11C6E426} = {E3847E91-6308-44EF-95D7-7AEA1E1A0C50}
		{8EBA7FFA-2BDC-45BD-A1EC-89D3BFA27A49} = {CBBFA892-493D-4963-B2D3-6218D13EE618}
		{916A548C-5DF5-4F82-9AAD-DFB3D2F307A4} = {CBBFA892-493D-4963-B2D3-6218D13EE618}
		{EB6C24DC-291F-4130-9C57-A0EB14354C95} = {E3847E91-6308-44EF-95D7-7AEA1E1A0C50}
		{30F0F420-30BE-44A8-B336-F8E4990B0F8C} = {CBBFA892-493D-4963-B2D3-6218D13EE618}
	EndGlobalSection
	GlobalSection(ExtensibilityGlobals) = postSolution
		SolutionGuid = {FB584EE0-3EAC-4281-9466-0D3B43D76EF4}
	EndGlobalSection
EndGlobal
